
Microsoft Visual Studio Solution File, Format Version 12.00
# Visual Studio Version 17
VisualStudioVersion = 17.4.33122.133
MinimumVisualStudioVersion = 10.0.40219.1
Project("{FAE04EC0-301F-11D3-BF4B-00C04F79EFBC}") = "passwd1", "passwd1\passwd1.csproj", "{579D18C9-CD8C-4098-B449-5DDCA068724F}"
EndProject
Global
	GlobalSection(SolutionConfigurationPlatforms) = preSolution
		Debug|Any CPU = Debug|Any CPU
		Release|Any CPU = Release|Any CPU
	EndGlobalSection
	GlobalSection(ProjectConfigurationPlatforms) = postSolution
		{579D18C9-CD8C-4098-B449-5DDCA068724F}.Debug|Any CPU.ActiveCfg = Debug|Any CPU
		{579D18C9-CD8C-4098-B449-5DDCA068724F}.Debug|Any CPU.Build.0 = Debug|Any CPU
		{579D18C9-CD8C-4098-B449-5DDCA068724F}.Release|Any CPU.ActiveCfg = Release|Any CPU
		{579D18C9-CD8C-4098-B449-5DDCA068724F}.Release|Any CPU.Build.0 = Release|Any CPU
	EndGlobalSection
	GlobalSection(SolutionProperties) = preSolution
		HideSolutionNode = FALSE
	EndGlobalSection
	GlobalSection(ExtensibilityGlobals) = postSolution
		SolutionGuid = {FE40A8BC-6570-454E-8243-609662CF842D}
	EndGlobalSection
EndGlobal
